// !$*UTF8*$!
{
	archiveVersion = 1;
	classes = {
	};
	objectVersion = 46;
	objects = {

/* Begin PBXBuildFile section */
		3C9C76B21D3FC04000EDC74F /* AppDelegate.swift in Sources */ = {isa = PBXBuildFile; fileRef = 3C9C76B11D3FC04000EDC74F /* AppDelegate.swift */; };
		3C9C76B41D3FC04000EDC74F /* ViewController.swift in Sources */ = {isa = PBXBuildFile; fileRef = 3C9C76B31D3FC04000EDC74F /* ViewController.swift */; };
		3C9C76B71D3FC04000EDC74F /* Main.storyboard in Resources */ = {isa = PBXBuildFile; fileRef = 3C9C76B51D3FC04000EDC74F /* Main.storyboard */; };
		3C9C76B91D3FC04000EDC74F /* Assets.xcassets in Resources */ = {isa = PBXBuildFile; fileRef = 3C9C76B81D3FC04000EDC74F /* Assets.xcassets */; };
		3C9C76BC1D3FC04000EDC74F /* LaunchScreen.storyboard in Resources */ = {isa = PBXBuildFile; fileRef = 3C9C76BA1D3FC04000EDC74F /* LaunchScreen.storyboard */; };
/* End PBXBuildFile section */

/* Begin PBXFileReference section */
		3C9C76AE1D3FC04000EDC74F /* Twitter.app */ = {isa = PBXFileReference; explicitFileType = wrapper.application; includeInIndex = 0; path = Twitter.app; sourceTree = BUILT_PRODUCTS_DIR; };
		3C9C76B11D3FC04000EDC74F /* AppDelegate.swift */ = {isa = PBXFileReference; lastKnownFileType = sourcecode.swift; path = AppDelegate.swift; sourceTree = "<group>"; };
		3C9C76B31D3FC04000EDC74F /* ViewController.swift */ = {isa = PBXFileReference; lastKnownFileType = sourcecode.swift; path = ViewController.swift; sourceTree = "<group>"; };
		3C9C76B61D3FC04000EDC74F /* Base */ = {isa = PBXFileReference; lastKnownFileType = file.storyboard; name = Base; path = Base.lproj/Main.storyboard; sourceTree = "<group>"; };
		3C9C76B81D3FC04000EDC74F /* Assets.xcassets */ = {isa = PBXFileReference; lastKnownFileType = folder.assetcatalog; path = Assets.xcassets; sourceTree = "<group>"; };
		3C9C76BB1D3FC04000EDC74F /* Base */ = {isa = PBXFileReference; lastKnownFileType = file.storyboard; name = Base; path = Base.lproj/LaunchScreen.storyboard; sourceTree = "<group>"; };
		3C9C76BD1D3FC04000EDC74F /* Info.plist */ = {isa = PBXFileReference; lastKnownFileType = text.plist.xml; path = Info.plist; sourceTree = "<group>"; };
/* End PBXFileReference section */

/* Begin PBXFrameworksBuildPhase section */
		3C9C76AB1D3FC04000EDC74F /* Frameworks */ = {
			isa = PBXFrameworksBuildPhase;
			buildActionMask = 2147483647;
			files = (
			);
			runOnlyForDeploymentPostprocessing = 0;
		};
/* End PBXFrameworksBuildPhase section */

/* Begin PBXGroup section */
		3C9C76A51D3FC04000EDC74F = {
			isa = PBXGroup;
			children = (
				3C9C76B01D3FC04000EDC74F /* Twitter */,
				3C9C76AF1D3FC04000EDC74F /* Products */,
			);
			sourceTree = "<group>";
		};
		3C9C76AF1D3FC04000EDC74F /* Products */ = {
			isa = PBXGroup;
			children = (
				3C9C76AE1D3FC04000EDC74F /* Twitter.app */,
			);
			name = Products;
			sourceTree = "<group>";
		};
		3C9C76B01D3FC04000EDC74F /* Twitter */ = {
			isa = PBXGroup;
			children = (
				3C9C76B11D3FC04000EDC74F /* AppDelegate.swift */,
				3C9C76B31D3FC04000EDC74F /* ViewController.swift */,
				3C9C76B51D3FC04000EDC74F /* Main.storyboard */,
				3C9C76B81D3FC04000EDC74F /* Assets.xcassets */,
				3C9C76BA1D3FC04000EDC74F /* LaunchScreen.storyboard */,
				3C9C76BD1D3FC04000EDC74F /* Info.plist */,
			);
			path = Twitter;
			sourceTree = "<group>";
		};
/* End PBXGroup section */

/* Begin PBXNativeTarget section */
		3C9C76AD1D3FC04000EDC74F /* Twitter */ = {
			isa = PBXNativeTarget;
			buildConfigurationList = 3C9C76C01D3FC04000EDC74F /* Build configuration list for PBXNativeTarget "Twitter" */;
			buildPhases = (
				3C9C76AA1D3FC04000EDC74F /* Sources */,
				3C9C76AB1D3FC04000EDC74F /* Frameworks */,
				3C9C76AC1D3FC04000EDC74F /* Resources */,
			);
			buildRules = (
			);
			dependencies = (
			);
			name = Twitter;
			productName = Twitter;
			productReference = 3C9C76AE1D3FC04000EDC74F /* Twitter.app */;
			productType = "com.apple.product-type.application";
		};
/* End PBXNativeTarget section */

/* Begin PBXProject section */
		3C9C76A61D3FC04000EDC74F /* Project object */ = {
			isa = PBXProject;
			attributes = {
				LastSwiftUpdateCheck = 0730;
				LastUpgradeCheck = 0730;
				ORGANIZATIONNAME = "Tien Le";
				TargetAttributes = {
					3C9C76AD1D3FC04000EDC74F = {
						CreatedOnToolsVersion = 7.3.1;
						DevelopmentTeam = 29VFUJ552M;
					};
				};
			};
			buildConfigurationList = 3C9C76A91D3FC04000EDC74F /* Build configuration list for PBXProject "Twitter" */;
			compatibilityVersion = "Xcode 3.2";
			developmentRegion = English;
			hasScannedForEncodings = 0;
			knownRegions = (
				en,
				Base,
			);
			mainGroup = 3C9C76A51D3FC04000EDC74F;
			productRefGroup = 3C9C76AF1D3FC04000EDC74F /* Products */;
			projectDirPath = "";
			projectRoot = "";
			targets = (
				3C9C76AD1D3FC04000EDC74F /* Twitter */,
			);
		};
/* End PBXProject section */

/* Begin PBXResourcesBuildPhase section */
		3C9C76AC1D3FC04000EDC74F /* Resources */ = {
			isa = PBXResourcesBuildPhase;
			buildActionMask = 2147483647;
			files = (
				3C9C76BC1D3FC04000EDC74F /* LaunchScreen.storyboard in Resources */,
				3C9C76B91D3FC04000EDC74F /* Assets.xcassets in Resources */,
				3C9C76B71D3FC04000EDC74F /* Main.storyboard in Resources */,
			);
			runOnlyForDeploymentPostprocessing = 0;
		};
/* End PBXResourcesBuildPhase section */

/* Begin PBXSourcesBuildPhase section */
		3C9C76AA1D3FC04000EDC74F /* Sources */ = {
			isa = PBXSourcesBuildPhase;
			buildActionMask = 2147483647;
			files = (
				3C9C76B41D3FC04000EDC74F /* ViewController.swift in Sources */,
				3C9C76B21D3FC04000EDC74F /* AppDelegate.swift in Sources */,
			);
			runOnlyForDeploymentPostprocessing = 0;
		};
/* End PBXSourcesBuildPhase section */

/* Begin PBXVariantGroup section */
		3C9C76B51D3FC04000EDC74F /* Main.storyboard */ = {
			isa = PBXVariantGroup;
			children = (
				3C9C76B61D3FC04000EDC74F /* Base */,
			);
			name = Main.storyboard;
			sourceTree = "<group>";
		};
		3C9C76BA1D3FC04000EDC74F /* LaunchScreen.storyboard */ = {
			isa = PBXVariantGroup;
			children = (
				3C9C76BB1D3FC04000EDC74F /* Base */,
			);
			name = LaunchScreen.storyboard;
			sourceTree = "<group>";
		};
/* End PBXVariantGroup section */

/* Begin XCBuildConfiguration section */
		3C9C76BE1D3FC04000EDC74F /* Debug */ = {
			isa = XCBuildConfiguration;
			buildSettings = {
				ALWAYS_SEARCH_USER_PATHS = NO;
				CLANG_ANALYZER_NONNULL = YES;
				CLANG_CXX_LANGUAGE_STANDARD = "gnu++0x";
				CLANG_CXX_LIBRARY = "libc++";
				CLANG_ENABLE_MODULES = YES;
				CLANG_ENABLE_OBJC_ARC = YES;
				CLANG_WARN_BOOL_CONVERSION = YES;
				CLANG_WARN_CONSTANT_CONVERSION = YES;
				CLANG_WARN_DIRECT_OBJC_ISA_USAGE = YES_ERROR;
				CLANG_WARN_EMPTY_BODY = YES;
				CLANG_WARN_ENUM_CONVERSION = YES;
				CLANG_WARN_INT_CONVERSION = YES;
				CLANG_WARN_OBJC_ROOT_CLASS = YES_ERROR;
				CLANG_WARN_UNREACHABLE_CODE = YES;
				CLANG_WARN__DUPLICATE_METHOD_MATCH = YES;
				"CODE_SIGN_IDENTITY[sdk=iphoneos*]" = "iPhone Developer";
				COPY_PHASE_STRIP = NO;
				DEBUG_INFORMATION_FORMAT = dwarf;
				ENABLE_STRICT_OBJC_MSGSEND = YES;
				ENABLE_TESTABILITY = YES;
				GCC_C_LANGUAGE_STANDARD = gnu99;
				GCC_DYNAMIC_NO_PIC = NO;
				GCC_NO_COMMON_BLOCKS = YES;
				GCC_OPTIMIZATION_LEVEL = 0;
				GCC_PREPROCESSOR_DEFINITIONS = (
					"DEBUG=1",
					"$(inherited)",
				);
				GCC_WARN_64_TO_32_BIT_CONVERSION = YES;
				GCC_WARN_ABOUT_RETURN_TYPE = YES_ERROR;
				GCC_WARN_UNDECLARED_SELECTOR = YES;
				GCC_WARN_UNINITIALIZED_AUTOS = YES_AGGRESSIVE;
				GCC_WARN_UNUSED_FUNCTION = YES;
				GCC_WARN_UNUSED_VARIABLE = YES;
				IPHONEOS_DEPLOYMENT_TARGET = 9.3;
				MTL_ENABLE_DEBUG_INFO = YES;
				ONLY_ACTIVE_ARCH = YES;
				SDKROOT = iphoneos;
				SWIFT_OPTIMIZATION_LEVEL = "-Onone";
			};
			name = Debug;
		};
		3C9C76BF1D3FC04000EDC74F /* Release */ = {
			isa = XCBuildConfiguration;
			buildSettings = {
				ALWAYS_SEARCH_USER_PATHS = NO;
				CLANG_ANALYZER_NONNULL = YES;
				CLANG_CXX_LANGUAGE_STANDARD = "gnu++0x";
				CLANG_CXX_LIBRARY = "libc++";
				CLANG_ENABLE_MODULES = YES;
				CLANG_ENABLE_OBJC_ARC = YES;
				CLANG_WARN_BOOL_CONVERSION = YES;
				CLANG_WARN_CONSTANT_CONVERSION = YES;
				CLANG_WARN_DIRECT_OBJC_ISA_USAGE = YES_ERROR;
				CLANG_WARN_EMPTY_BODY = YES;
				CLANG_WARN_ENUM_CONVERSION = YES;
				CLANG_WARN_INT_CONVERSION = YES;
				CLANG_WARN_OBJC_ROOT_CLASS = YES_ERROR;
				CLANG_WARN_UNREACHABLE_CODE = YES;
				CLANG_WARN__DUPLICATE_METHOD_MATCH = YES;
				"CODE_SIGN_IDENTITY[sdk=iphoneos*]" = "iPhone Developer";
				COPY_PHASE_STRIP = NO;
				DEBUG_INFORMATION_FORMAT = "dwarf-with-dsym";
				ENABLE_NS_ASSERTIONS = NO;
				ENABLE_STRICT_OBJC_MSGSEND = YES;
				GCC_C_LANGUAGE_STANDARD = gnu99;
				GCC_NO_COMMON_BLOCKS = YES;
				GCC_WARN_64_TO_32_BIT_CONVERSION = YES;
				GCC_WARN_ABOUT_RETURN_TYPE = YES_ERROR;
				GCC_WARN_UNDECLARED_SELECTOR = YES;
				GCC_WARN_UNINITIALIZED_AUTOS = YES_AGGRESSIVE;
				GCC_WARN_UNUSED_FUNCTION = YES;
				GCC_WARN_UNUSED_VARIABLE = YES;
				IPHONEOS_DEPLOYMENT_TARGET = 9.3;
				MTL_ENABLE_DEBUG_INFO = NO;
				SDKROOT = iphoneos;
				VALIDATE_PRODUCT = YES;
			};
			name = Release;
		};
		3C9C76C11D3FC04000EDC74F /* Debug */ = {
			isa = XCBuildConfiguration;
			buildSettings = {
				ASSETCATALOG_COMPILER_APPICON_NAME = AppIcon;
				INFOPLIST_FILE = Twitter/Info.plist;
				LD_RUNPATH_SEARCH_PATHS = "$(inherited) @executable_path/Frameworks";
				PRODUCT_BUNDLE_IDENTIFIER = com.tienle.Twitter;
				PRODUCT_NAME = "$(TARGET_NAME)";
			};
			name = Debug;
		};
		3C9C76C21D3FC04000EDC74F /* Release */ = {
			isa = XCBuildConfiguration;
			buildSettings = {
				ASSETCATALOG_COMPILER_APPICON_NAME = AppIcon;
				INFOPLIST_FILE = Twitter/Info.plist;
				LD_RUNPATH_SEARCH_PATHS = "$(inherited) @executable_path/Frameworks";
				PRODUCT_BUNDLE_IDENTIFIER = com.tienle.Twitter;
				PRODUCT_NAME = "$(TARGET_NAME)";
			};
			name = Release;
		};
/* End XCBuildConfiguration section */

/* Begin XCConfigurationList section */
		3C9C76A91D3FC04000EDC74F /* Build configuration list for PBXProject "Twitter" */ = {
			isa = XCConfigurationList;
			buildConfigurations = (
				3C9C76BE1D3FC04000EDC74F /* Debug */,
				3C9C76BF1D3FC04000EDC74F /* Release */,
			);
			defaultConfigurationIsVisible = 0;
			defaultConfigurationName = Release;
		};
		3C9C76C01D3FC04000EDC74F /* Build configuration list for PBXNativeTarget "Twitter" */ = {
			isa = XCConfigurationList;
			buildConfigurations = (
				3C9C76C11D3FC04000EDC74F /* Debug */,
				3C9C76C21D3FC04000EDC74F /* Release */,
			);
			defaultConfigurationIsVisible = 0;
		};
/* End XCConfigurationList section */
	};
	rootObject = 3C9C76A61D3FC04000EDC74F /* Project object */;
}
